
Microsoft Visual Studio Solution File, Format Version 12.00
# Visual Studio Version 16
VisualStudioVersion = 16.0.29519.181
MinimumVisualStudioVersion = 10.0.40219.1
Project("{9A19103F-16F7-4668-BE54-9A1E7A4F7556}") = "OceanOfCode", "OceanOfCode\OceanOfCode.csproj", "{B06206D0-9D91-4AE8-8B57-19D0F14FA4D5}"
EndProject
Project("{FAE04EC0-301F-11D3-BF4B-00C04F79EFBC}") = "OceanOfCodeTests", "OceanOfCodeTests\OceanOfCodeTests.csproj", "{28C394C7-4A4F-4898-B15C-4F0A59E6B799}"
EndProject
Global
	GlobalSection(SolutionConfigurationPlatforms) = preSolution
		Debug|Any CPU = Debug|Any CPU
		Release|Any CPU = Release|Any CPU
	EndGlobalSection
	GlobalSection(ProjectConfigurationPlatforms) = postSolution
		{B06206D0-9D91-4AE8-8B57-19D0F14FA4D5}.Debug|Any CPU.ActiveCfg = Debug|Any CPU
		{B06206D0-9D91-4AE8-8B57-19D0F14FA4D5}.Debug|Any CPU.Build.0 = Debug|Any CPU
		{B06206D0-9D91-4AE8-8B57-19D0F14FA4D5}.Release|Any CPU.ActiveCfg = Release|Any CPU
		{B06206D0-9D91-4AE8-8B57-19D0F14FA4D5}.Release|Any CPU.Build.0 = Release|Any CPU
		{28C394C7-4A4F-4898-B15C-4F0A59E6B799}.Debug|Any CPU.ActiveCfg = Debug|Any CPU
		{28C394C7-4A4F-4898-B15C-4F0A59E6B799}.Debug|Any CPU.Build.0 = Debug|Any CPU
		{28C394C7-4A4F-4898-B15C-4F0A59E6B799}.Release|Any CPU.ActiveCfg = Release|Any CPU
		{28C394C7-4A4F-4898-B15C-4F0A59E6B799}.Release|Any CPU.Build.0 = Release|Any CPU
	EndGlobalSection
	GlobalSection(SolutionProperties) = preSolution
		HideSolutionNode = FALSE
	EndGlobalSection
	GlobalSection(ExtensibilityGlobals) = postSolution
		SolutionGuid = {49AA3007-69C8-4DFD-A38D-43EE76F1B927}
	EndGlobalSection
EndGlobal
